
Microsoft Visual Studio Solution File, Format Version 12.00
# Visual Studio Version 16
VisualStudioVersion = 16.0.31025.194
MinimumVisualStudioVersion = 10.0.40219.1
Project("{FAE04EC0-301F-11D3-BF4B-00C04F79EFBC}") = "GarageManagement", "GarageManagement\GarageManagement.csproj", "{F4285ABB-44F1-45E4-9DC1-D50C437BDE7F}"
EndProject
Global
	GlobalSection(SolutionConfigurationPlatforms) = preSolution
		Debug|Any CPU = Debug|Any CPU
		Release|Any CPU = Release|Any CPU
	EndGlobalSection
	GlobalSection(ProjectConfigurationPlatforms) = postSolution
		{F4285ABB-44F1-45E4-9DC1-D50C437BDE7F}.Debug|Any CPU.ActiveCfg = Debug|Any CPU
		{F4285ABB-44F1-45E4-9DC1-D50C437BDE7F}.Debug|Any CPU.Build.0 = Debug|Any CPU
		{F4285ABB-44F1-45E4-9DC1-D50C437BDE7F}.Release|Any CPU.ActiveCfg = Release|Any CPU
		{F4285ABB-44F1-45E4-9DC1-D50C437BDE7F}.Release|Any CPU.Build.0 = Release|Any CPU
	EndGlobalSection
	GlobalSection(SolutionProperties) = preSolution
		HideSolutionNode = FALSE
	EndGlobalSection
	GlobalSection(ExtensibilityGlobals) = postSolution
		SolutionGuid = {202F8876-5E3C-4409-A55D-C2C2DCDE8442}
	EndGlobalSection
EndGlobal
